
Microsoft Visual Studio Solution File, Format Version 12.00
# Visual Studio Version 17
VisualStudioVersion = 17.9.34728.123
MinimumVisualStudioVersion = 10.0.40219.1
Project("{FAE04EC0-301F-11D3-BF4B-00C04F79EFBC}") = "Listen", "Listen\Listen.csproj", "{B1B66F87-B4EE-4ECF-B4C3-ACD3386F2889}"
EndProject
Global
	GlobalSection(SolutionConfigurationPlatforms) = preSolution
		Debug|Any CPU = Debug|Any CPU
		Release|Any CPU = Release|Any CPU
	EndGlobalSection
	GlobalSection(ProjectConfigurationPlatforms) = postSolution
		{B1B66F87-B4EE-4ECF-B4C3-ACD3386F2889}.Debug|Any CPU.ActiveCfg = Debug|Any CPU
		{B1B66F87-B4EE-4ECF-B4C3-ACD3386F2889}.Debug|Any CPU.Build.0 = Debug|Any CPU
		{B1B66F87-B4EE-4ECF-B4C3-ACD3386F2889}.Release|Any CPU.ActiveCfg = Release|Any CPU
		{B1B66F87-B4EE-4ECF-B4C3-ACD3386F2889}.Release|Any CPU.Build.0 = Release|Any CPU
	EndGlobalSection
	GlobalSection(SolutionProperties) = preSolution
		HideSolutionNode = FALSE
	EndGlobalSection
	GlobalSection(ExtensibilityGlobals) = postSolution
		SolutionGuid = {277068A0-F7BC-4938-AB1E-84C025EFF7CF}
	EndGlobalSection
EndGlobal
